
Microsoft Visual Studio Solution File, Format Version 12.00
# Visual Studio Version 16
VisualStudioVersion = 16.0.28803.452
MinimumVisualStudioVersion = 10.0.40219.1
Project("{FAE04EC0-301F-11D3-BF4B-00C04F79EFBC}") = "Presentation", "Presentation.csproj", "{43BA11E2-8EDE-4819-8F21-66812198FA9F}"
EndProject
Project("{FAE04EC0-301F-11D3-BF4B-00C04F79EFBC}") = "DataAccess", "..\DataAccess\DataAccess.csproj", "{F6654F8F-A843-4B23-82FB-B086C3DBADC3}"
EndProject
Global
	GlobalSection(SolutionConfigurationPlatforms) = preSolution
		Debug|Any CPU = Debug|Any CPU
		Release|Any CPU = Release|Any CPU
	EndGlobalSection
	GlobalSection(ProjectConfigurationPlatforms) = postSolution
		{43BA11E2-8EDE-4819-8F21-66812198FA9F}.Debug|Any CPU.ActiveCfg = Debug|Any CPU
		{43BA11E2-8EDE-4819-8F21-66812198FA9F}.Debug|Any CPU.Build.0 = Debug|Any CPU
		{43BA11E2-8EDE-4819-8F21-66812198FA9F}.Release|Any CPU.ActiveCfg = Release|Any CPU
		{43BA11E2-8EDE-4819-8F21-66812198FA9F}.Release|Any CPU.Build.0 = Release|Any CPU
		{F6654F8F-A843-4B23-82FB-B086C3DBADC3}.Debug|Any CPU.ActiveCfg = Debug|Any CPU
		{F6654F8F-A843-4B23-82FB-B086C3DBADC3}.Debug|Any CPU.Build.0 = Debug|Any CPU
		{F6654F8F-A843-4B23-82FB-B086C3DBADC3}.Release|Any CPU.ActiveCfg = Release|Any CPU
		{F6654F8F-A843-4B23-82FB-B086C3DBADC3}.Release|Any CPU.Build.0 = Release|Any CPU
	EndGlobalSection
	GlobalSection(SolutionProperties) = preSolution
		HideSolutionNode = FALSE
	EndGlobalSection
	GlobalSection(ExtensibilityGlobals) = postSolution
		SolutionGuid = {22B4E4F9-C745-4FA4-9A89-980C9D786885}
	EndGlobalSection
EndGlobal
